
Microsoft Visual Studio Solution File, Format Version 12.00
# Visual Studio Version 16
VisualStudioVersion = 16.0.31424.327
MinimumVisualStudioVersion = 10.0.40219.1
Project("{FAE04EC0-301F-11D3-BF4B-00C04F79EFBC}") = "Class04", "Class04\Class04.csproj", "{3FEFF5AA-DEC2-4AAB-9699-3D8F9C125C09}"
EndProject
Global
	GlobalSection(SolutionConfigurationPlatforms) = preSolution
		Debug|Any CPU = Debug|Any CPU
		Release|Any CPU = Release|Any CPU
	EndGlobalSection
	GlobalSection(ProjectConfigurationPlatforms) = postSolution
		{3FEFF5AA-DEC2-4AAB-9699-3D8F9C125C09}.Debug|Any CPU.ActiveCfg = Debug|Any CPU
		{3FEFF5AA-DEC2-4AAB-9699-3D8F9C125C09}.Debug|Any CPU.Build.0 = Debug|Any CPU
		{3FEFF5AA-DEC2-4AAB-9699-3D8F9C125C09}.Release|Any CPU.ActiveCfg = Release|Any CPU
		{3FEFF5AA-DEC2-4AAB-9699-3D8F9C125C09}.Release|Any CPU.Build.0 = Release|Any CPU
	EndGlobalSection
	GlobalSection(SolutionProperties) = preSolution
		HideSolutionNode = FALSE
	EndGlobalSection
	GlobalSection(ExtensibilityGlobals) = postSolution
		SolutionGuid = {EA3F6853-9410-4F4D-8CFB-5DEA0E935497}
	EndGlobalSection
EndGlobal
