
Microsoft Visual Studio Solution File, Format Version 12.00
# Visual Studio Version 16
VisualStudioVersion = 16.0.31424.327
MinimumVisualStudioVersion = 10.0.40219.1
Project("{9A19103F-16F7-4668-BE54-9A1E7A4F7556}") = "Class02", "Class02\Class02.csproj", "{AB3D73F1-8106-4CA3-A7A6-A16A50D67E5A}"
EndProject
Project("{2150E333-8FDC-42A3-9474-1A3956D46DE8}") = "Solution Items", "Solution Items", "{131E052C-4952-4B83-B218-95FB78236246}"
	ProjectSection(SolutionItems) = preProject
		.editorconfig = .editorconfig
	EndProjectSection
EndProject
Global
	GlobalSection(SolutionConfigurationPlatforms) = preSolution
		Debug|Any CPU = Debug|Any CPU
		Release|Any CPU = Release|Any CPU
	EndGlobalSection
	GlobalSection(ProjectConfigurationPlatforms) = postSolution
		{AB3D73F1-8106-4CA3-A7A6-A16A50D67E5A}.Debug|Any CPU.ActiveCfg = Debug|Any CPU
		{AB3D73F1-8106-4CA3-A7A6-A16A50D67E5A}.Debug|Any CPU.Build.0 = Debug|Any CPU
		{AB3D73F1-8106-4CA3-A7A6-A16A50D67E5A}.Release|Any CPU.ActiveCfg = Release|Any CPU
		{AB3D73F1-8106-4CA3-A7A6-A16A50D67E5A}.Release|Any CPU.Build.0 = Release|Any CPU
	EndGlobalSection
	GlobalSection(SolutionProperties) = preSolution
		HideSolutionNode = FALSE
	EndGlobalSection
	GlobalSection(ExtensibilityGlobals) = postSolution
		SolutionGuid = {5B877989-B52B-4367-8032-CC22F5FD04AC}
	EndGlobalSection
EndGlobal
