
Microsoft Visual Studio Solution File, Format Version 12.00
# Visual Studio Version 16
VisualStudioVersion = 16.0.31424.327
MinimumVisualStudioVersion = 10.0.40219.1
Project("{FAE04EC0-301F-11D3-BF4B-00C04F79EFBC}") = "Class05", "Class05\Class05.csproj", "{7BC1D8C3-029A-46D0-B0A2-10920A09BE34}"
EndProject
Global
	GlobalSection(SolutionConfigurationPlatforms) = preSolution
		Debug|Any CPU = Debug|Any CPU
		Release|Any CPU = Release|Any CPU
	EndGlobalSection
	GlobalSection(ProjectConfigurationPlatforms) = postSolution
		{7BC1D8C3-029A-46D0-B0A2-10920A09BE34}.Debug|Any CPU.ActiveCfg = Debug|Any CPU
		{7BC1D8C3-029A-46D0-B0A2-10920A09BE34}.Debug|Any CPU.Build.0 = Debug|Any CPU
		{7BC1D8C3-029A-46D0-B0A2-10920A09BE34}.Release|Any CPU.ActiveCfg = Release|Any CPU
		{7BC1D8C3-029A-46D0-B0A2-10920A09BE34}.Release|Any CPU.Build.0 = Release|Any CPU
	EndGlobalSection
	GlobalSection(SolutionProperties) = preSolution
		HideSolutionNode = FALSE
	EndGlobalSection
	GlobalSection(ExtensibilityGlobals) = postSolution
		SolutionGuid = {1E49AD0F-4025-4067-BCB8-0DF5BC0792B8}
	EndGlobalSection
EndGlobal
