
Microsoft Visual Studio Solution File, Format Version 12.00
# Visual Studio Version 16
VisualStudioVersion = 16.0.31424.327
MinimumVisualStudioVersion = 10.0.40219.1
Project("{FAE04EC0-301F-11D3-BF4B-00C04F79EFBC}") = "Class08", "Class08\Class08.csproj", "{E6BAA4D4-EE2D-4554-B5FD-90D3C4D01EA2}"
EndProject
Global
	GlobalSection(SolutionConfigurationPlatforms) = preSolution
		Debug|Any CPU = Debug|Any CPU
		Release|Any CPU = Release|Any CPU
	EndGlobalSection
	GlobalSection(ProjectConfigurationPlatforms) = postSolution
		{E6BAA4D4-EE2D-4554-B5FD-90D3C4D01EA2}.Debug|Any CPU.ActiveCfg = Debug|Any CPU
		{E6BAA4D4-EE2D-4554-B5FD-90D3C4D01EA2}.Debug|Any CPU.Build.0 = Debug|Any CPU
		{E6BAA4D4-EE2D-4554-B5FD-90D3C4D01EA2}.Release|Any CPU.ActiveCfg = Release|Any CPU
		{E6BAA4D4-EE2D-4554-B5FD-90D3C4D01EA2}.Release|Any CPU.Build.0 = Release|Any CPU
	EndGlobalSection
	GlobalSection(SolutionProperties) = preSolution
		HideSolutionNode = FALSE
	EndGlobalSection
	GlobalSection(ExtensibilityGlobals) = postSolution
		SolutionGuid = {A30845FE-0611-44E8-A325-7E513722A6F8}
	EndGlobalSection
EndGlobal
